
Microsoft Visual Studio Solution File, Format Version 12.00
# Visual Studio 15
VisualStudioVersion = 15.0.28307.757
MinimumVisualStudioVersion = 10.0.40219.1
Project("{FAE04EC0-301F-11D3-BF4B-00C04F79EFBC}") = "TaskSchedulerWrapper", "TaskSchedulerWrapper\TaskSchedulerWrapper.csproj", "{24101193-5ABA-45D0-A5C0-320D78A88FF2}"
EndProject
Global
	GlobalSection(SolutionConfigurationPlatforms) = preSolution
		Debug|Any CPU = Debug|Any CPU
		Release|Any CPU = Release|Any CPU
	EndGlobalSection
	GlobalSection(ProjectConfigurationPlatforms) = postSolution
		{24101193-5ABA-45D0-A5C0-320D78A88FF2}.Debug|Any CPU.ActiveCfg = Debug|Any CPU
		{24101193-5ABA-45D0-A5C0-320D78A88FF2}.Debug|Any CPU.Build.0 = Debug|Any CPU
		{24101193-5ABA-45D0-A5C0-320D78A88FF2}.Release|Any CPU.ActiveCfg = Release|Any CPU
		{24101193-5ABA-45D0-A5C0-320D78A88FF2}.Release|Any CPU.Build.0 = Release|Any CPU
	EndGlobalSection
	GlobalSection(SolutionProperties) = preSolution
		HideSolutionNode = FALSE
	EndGlobalSection
	GlobalSection(ExtensibilityGlobals) = postSolution
		SolutionGuid = {D520469B-FCD2-4948-87B9-FCBBE923DB78}
	EndGlobalSection
EndGlobal
